
Microsoft Visual Studio Solution File, Format Version 12.00
# Visual Studio Version 16
VisualStudioVersion = 16.0.29926.136
MinimumVisualStudioVersion = 10.0.40219.1
Project("{FAE04EC0-301F-11D3-BF4B-00C04F79EFBC}") = "app", "app\app.csproj", "{F3657734-12D8-41D7-A97D-2F4DBFB9272D}"
EndProject
Global
	GlobalSection(SolutionConfigurationPlatforms) = preSolution
		Debug|Any CPU = Debug|Any CPU
		Release|Any CPU = Release|Any CPU
	EndGlobalSection
	GlobalSection(ProjectConfigurationPlatforms) = postSolution
		{F3657734-12D8-41D7-A97D-2F4DBFB9272D}.Debug|Any CPU.ActiveCfg = Debug|Any CPU
		{F3657734-12D8-41D7-A97D-2F4DBFB9272D}.Debug|Any CPU.Build.0 = Debug|Any CPU
		{F3657734-12D8-41D7-A97D-2F4DBFB9272D}.Release|Any CPU.ActiveCfg = Release|Any CPU
		{F3657734-12D8-41D7-A97D-2F4DBFB9272D}.Release|Any CPU.Build.0 = Release|Any CPU
	EndGlobalSection
	GlobalSection(SolutionProperties) = preSolution
		HideSolutionNode = FALSE
	EndGlobalSection
	GlobalSection(ExtensibilityGlobals) = postSolution
		SolutionGuid = {B5BC3CE1-B8A5-48D2-961E-253C51A2F962}
	EndGlobalSection
EndGlobal
